{
  "version": 4,
  "terraform_version": "0.12.16",
  "serial": 314,
  "lineage": "0be78053-0937-7281-1328-0dfd80f28e96",
  "outputs": {},
  "resources": [
    {
      "module": "module.webapp2",
      "mode": "managed",
      "type": "google_compute_instance",
      "name": "vm_instance",
      "provider": "provider.google",
      "instances": [
        {
          "schema_version": 6,
          "attributes": {
            "allow_stopping_for_update": null,
            "attached_disk": [],
            "boot_disk": [
              {
                "auto_delete": true,
                "device_name": "persistent-disk-0",
                "disk_encryption_key_raw": "",
                "disk_encryption_key_sha256": "",
                "initialize_params": [
                  {
                    "image": "https://www.googleapis.com/compute/v1/projects/centos-cloud/global/images/centos-7-v20191121",
                    "labels": {},
                    "size": 10,
                    "type": "pd-standard"
                  }
                ],
                "kms_key_self_link": "",
                "mode": "READ_WRITE",
                "source": "https://www.googleapis.com/compute/v1/projects/scenic-alcove-258913/zones/us-west1-a/disks/terraform-webapp2"
              }
            ],
            "can_ip_forward": false,
            "cpu_platform": "Intel Broadwell",
            "deletion_protection": false,
            "description": "",
            "enable_display": false,
            "guest_accelerator": [],
            "hostname": "",
            "id": "projects/scenic-alcove-258913/zones/us-west1-a/instances/terraform-webapp2",
            "instance_id": "6337216658243041957",
            "label_fingerprint": "42WmSpB8rSM=",
            "labels": null,
            "machine_type": "n1-standard-1",
            "metadata": {
              "startup-script": "        echo \"ansible123\" | passwd --stdin root\n        sed -i 's/PermitRootLogin no/PermitRootLogin yes/g' /etc/ssh/sshd_config\n        sed -i 's/PasswordAuthentication no/PasswordAuthentication yes/g' /etc/ssh/sshd_config\n        systemctl restart sshd\n"
            },
            "metadata_fingerprint": "2YW8j-_Ectg=",
            "metadata_startup_script": null,
            "min_cpu_platform": "",
            "name": "terraform-webapp2",
            "network_interface": [
              {
                "access_config": [
                  {
                    "nat_ip": "35.247.53.101",
                    "network_tier": "PREMIUM",
                    "public_ptr_domain_name": ""
                  }
                ],
                "alias_ip_range": [],
                "name": "nic0",
                "network": "https://www.googleapis.com/compute/v1/projects/scenic-alcove-258913/global/networks/default",
                "network_ip": "10.138.0.12",
                "subnetwork": "https://www.googleapis.com/compute/v1/projects/scenic-alcove-258913/regions/us-west1/subnetworks/default",
                "subnetwork_project": "scenic-alcove-258913"
              }
            ],
            "project": "scenic-alcove-258913",
            "scheduling": [
              {
                "automatic_restart": true,
                "node_affinities": [],
                "on_host_maintenance": "MIGRATE",
                "preemptible": false
              }
            ],
            "scratch_disk": [],
            "self_link": "https://www.googleapis.com/compute/v1/projects/scenic-alcove-258913/zones/us-west1-a/instances/terraform-webapp2",
            "service_account": [],
            "shielded_instance_config": [],
            "tags": null,
            "tags_fingerprint": "42WmSpB8rSM=",
            "timeouts": null,
            "zone": "us-west1-a"
          },
          "private": "eyJlMmJmYjczMC1lY2FhLTExZTYtOGY4OC0zNDM2M2JjN2M0YzAiOnsiY3JlYXRlIjoxMjAwMDAwMDAwMDAwLCJkZWxldGUiOjEyMDAwMDAwMDAwMDAsInVwZGF0ZSI6MTIwMDAwMDAwMDAwMH0sInNjaGVtYV92ZXJzaW9uIjoiNiJ9"
        }
      ]
    },
    {
      "module": "module.webapp1",
      "mode": "managed",
      "type": "google_compute_instance",
      "name": "vm_instance",
      "provider": "provider.google",
      "instances": [
        {
          "schema_version": 6,
          "attributes": {
            "allow_stopping_for_update": null,
            "attached_disk": [],
            "boot_disk": [
              {
                "auto_delete": true,
                "device_name": "persistent-disk-0",
                "disk_encryption_key_raw": "",
                "disk_encryption_key_sha256": "",
                "initialize_params": [
                  {
                    "image": "https://www.googleapis.com/compute/v1/projects/centos-cloud/global/images/centos-7-v20191121",
                    "labels": {},
                    "size": 10,
                    "type": "pd-standard"
                  }
                ],
                "kms_key_self_link": "",
                "mode": "READ_WRITE",
                "source": "https://www.googleapis.com/compute/v1/projects/scenic-alcove-258913/zones/us-west1-a/disks/terraform-webapp1"
              }
            ],
            "can_ip_forward": false,
            "cpu_platform": "Intel Broadwell",
            "deletion_protection": false,
            "description": "",
            "enable_display": false,
            "guest_accelerator": [],
            "hostname": "",
            "id": "projects/scenic-alcove-258913/zones/us-west1-a/instances/terraform-webapp1",
            "instance_id": "9065207003638643365",
            "label_fingerprint": "42WmSpB8rSM=",
            "labels": null,
            "machine_type": "n1-standard-1",
            "metadata": {
              "startup-script": "        echo \"ansible123\" | passwd --stdin root\n        sed -i 's/PermitRootLogin no/PermitRootLogin yes/g' /etc/ssh/sshd_config    \n        sed -i 's/PasswordAuthentication no/PasswordAuthentication yes/g' /etc/ssh/sshd_config \n        systemctl restart sshd\n"
            },
            "metadata_fingerprint": "mJrqRjeBVKU=",
            "metadata_startup_script": null,
            "min_cpu_platform": "",
            "name": "terraform-webapp1",
            "network_interface": [
              {
                "access_config": [
                  {
                    "nat_ip": "34.82.167.18",
                    "network_tier": "PREMIUM",
                    "public_ptr_domain_name": ""
                  }
                ],
                "alias_ip_range": [],
                "name": "nic0",
                "network": "https://www.googleapis.com/compute/v1/projects/scenic-alcove-258913/global/networks/default",
                "network_ip": "10.138.0.11",
                "subnetwork": "https://www.googleapis.com/compute/v1/projects/scenic-alcove-258913/regions/us-west1/subnetworks/default",
                "subnetwork_project": "scenic-alcove-258913"
              }
            ],
            "project": "scenic-alcove-258913",
            "scheduling": [
              {
                "automatic_restart": true,
                "node_affinities": [],
                "on_host_maintenance": "MIGRATE",
                "preemptible": false
              }
            ],
            "scratch_disk": [],
            "self_link": "https://www.googleapis.com/compute/v1/projects/scenic-alcove-258913/zones/us-west1-a/instances/terraform-webapp1",
            "service_account": [],
            "shielded_instance_config": [],
            "tags": null,
            "tags_fingerprint": "42WmSpB8rSM=",
            "timeouts": null,
            "zone": "us-west1-a"
          },
          "private": "eyJlMmJmYjczMC1lY2FhLTExZTYtOGY4OC0zNDM2M2JjN2M0YzAiOnsiY3JlYXRlIjoxMjAwMDAwMDAwMDAwLCJkZWxldGUiOjEyMDAwMDAwMDAwMDAsInVwZGF0ZSI6MTIwMDAwMDAwMDAwMH0sInNjaGVtYV92ZXJzaW9uIjoiNiJ9"
        }
      ]
    },
    {
      "module": "module.haproxy",
      "mode": "managed",
      "type": "google_compute_instance",
      "name": "vm_instance",
      "provider": "provider.google",
      "instances": [
        {
          "schema_version": 6,
          "attributes": {
            "allow_stopping_for_update": null,
            "attached_disk": [],
            "boot_disk": [
              {
                "auto_delete": true,
                "device_name": "persistent-disk-0",
                "disk_encryption_key_raw": "",
                "disk_encryption_key_sha256": "",
                "initialize_params": [
                  {
                    "image": "https://www.googleapis.com/compute/v1/projects/centos-cloud/global/images/centos-7-v20191121",
                    "labels": {},
                    "size": 10,
                    "type": "pd-standard"
                  }
                ],
                "kms_key_self_link": "",
                "mode": "READ_WRITE",
                "source": "https://www.googleapis.com/compute/v1/projects/scenic-alcove-258913/zones/us-west1-a/disks/terraform-haproxy"
              }
            ],
            "can_ip_forward": false,
            "cpu_platform": "Intel Broadwell",
            "deletion_protection": false,
            "description": "",
            "enable_display": false,
            "guest_accelerator": [],
            "hostname": "",
            "id": "projects/scenic-alcove-258913/zones/us-west1-a/instances/terraform-haproxy",
            "instance_id": "4191743299750705829",
            "label_fingerprint": "42WmSpB8rSM=",
            "labels": null,
            "machine_type": "n1-standard-1",
            "metadata": {
              "startup-script": "        echo \"ansible123\" | passwd --stdin root\n        sed -i 's/PermitRootLogin no/PermitRootLogin yes/g' /etc/ssh/sshd_config\n        sed -i 's/PasswordAuthentication no/PasswordAuthentication yes/g' /etc/ssh/sshd_config\n        systemctl restart sshd\n"
            },
            "metadata_fingerprint": "2YW8j-_Ectg=",
            "metadata_startup_script": null,
            "min_cpu_platform": "",
            "name": "terraform-haproxy",
            "network_interface": [
              {
                "access_config": [
                  {
                    "nat_ip": "34.83.189.132",
                    "network_tier": "PREMIUM",
                    "public_ptr_domain_name": ""
                  }
                ],
                "alias_ip_range": [],
                "name": "nic0",
                "network": "https://www.googleapis.com/compute/v1/projects/scenic-alcove-258913/global/networks/default",
                "network_ip": "10.138.0.13",
                "subnetwork": "https://www.googleapis.com/compute/v1/projects/scenic-alcove-258913/regions/us-west1/subnetworks/default",
                "subnetwork_project": "scenic-alcove-258913"
              }
            ],
            "project": "scenic-alcove-258913",
            "scheduling": [
              {
                "automatic_restart": true,
                "node_affinities": [],
                "on_host_maintenance": "MIGRATE",
                "preemptible": false
              }
            ],
            "scratch_disk": [],
            "self_link": "https://www.googleapis.com/compute/v1/projects/scenic-alcove-258913/zones/us-west1-a/instances/terraform-haproxy",
            "service_account": [],
            "shielded_instance_config": [],
            "tags": [
              "haproxy-http"
            ],
            "tags_fingerprint": "L5EQBtjCe4Y=",
            "timeouts": null,
            "zone": "us-west1-a"
          },
          "private": "eyJlMmJmYjczMC1lY2FhLTExZTYtOGY4OC0zNDM2M2JjN2M0YzAiOnsiY3JlYXRlIjoxMjAwMDAwMDAwMDAwLCJkZWxldGUiOjEyMDAwMDAwMDAwMDAsInVwZGF0ZSI6MTIwMDAwMDAwMDAwMH0sInNjaGVtYV92ZXJzaW9uIjoiNiJ9"
        }
      ]
    }
  ]
}
